github.com/cenk/backoff v1.1.0 h1:Smh2SqufUB51+RcyQ7/2tkPCGazvVSrqT96C80dFtr0=
github.com/cenk/backoff v2.2.1+incompatible h1:djdFT7f4gF2ttuzRKPbMOWgZajgesItGLwG5FTQKmmE=
github.com/cenk/backoff v2.2.1+incompatible/go.mod h1:7FtoeaSnHoZnmZzz47cM35Y9nSW7tNyaidugnHTaFDE=
github.com/ericchiang/css v0.0.0-20171210184639-f08e94f04ef6 h1:HeKWnXUG9uJDbO57rL40XbvyOvc5uw24UiUes5dH3c8=
github.com/ericchiang/css v0.0.0-20171210184639-f08e94f04ef6/go.mod h1:zgaNzbznQZutyCLXMVn7qSY04QyFUQyqBBV0kbc4Uqo=
github.com/facebookgo/clock v0.0.0-20150410010913-600d898af40a h1:yDWHCSQ40h88yih2JAcL6Ls/kVkSE8GFACTGVnMPruw=
github.com/facebookgo/clock v0.0.0-20150410010913-600d898af40a/go.mod h1:7Ga40egUymuWXxAe151lTNnCv97MddSOVsjpPPkityA=
github.com/rubyist/circuitbreaker v1.1.2 h1:5YCwMCsiDVfyBjjm6hE8zO/XADXktWJQIApHf/Od5Lw=
github.com/rubyist/circuitbreaker v2.2.1+incompatible h1:KUKd/pV8Geg77+8LNDwdow6rVCAYOp8+kHUyFvL6Mhk=
github.com/rubyist/circuitbreaker v2.2.1+incompatible/go.mod h1:Ycs3JgJADPuzJDwffe12k6BZT8hxVi6lFK+gWYJLN4A=
golang.org/x/net v0.0.0-20181220203305-927f97764cc3 h1:eH6Eip3UpmR+yM/qI9Ijluzb1bNv/cAU/n+6l8tRSis=
golang.org/x/net v0.0.0-20181220203305-927f97764cc3/go.mod h1:mL1N/T3taQHkDXs73rZJwtUhF3w3ftmwwsq0BUmARs4=
